
Microsoft Visual Studio Solution File, Format Version 12.00
# Visual Studio Version 16
VisualStudioVersion = 16.0.31702.126
MinimumVisualStudioVersion = 10.0.40219.1
Project("{FAE04EC0-301F-11D3-BF4B-00C04F79EFBC}") = "Zadanie1", "Zadanie1.csproj", "{A9848AAD-15E1-4835-BF8E-0A53106D309F}"
EndProject
Global
	GlobalSection(SolutionConfigurationPlatforms) = preSolution
		Debug|Any CPU = Debug|Any CPU
		Release|Any CPU = Release|Any CPU
	EndGlobalSection
	GlobalSection(ProjectConfigurationPlatforms) = postSolution
		{A9848AAD-15E1-4835-BF8E-0A53106D309F}.Debug|Any CPU.ActiveCfg = Debug|Any CPU
		{A9848AAD-15E1-4835-BF8E-0A53106D309F}.Debug|Any CPU.Build.0 = Debug|Any CPU
		{A9848AAD-15E1-4835-BF8E-0A53106D309F}.Release|Any CPU.ActiveCfg = Release|Any CPU
		{A9848AAD-15E1-4835-BF8E-0A53106D309F}.Release|Any CPU.Build.0 = Release|Any CPU
	EndGlobalSection
	GlobalSection(SolutionProperties) = preSolution
		HideSolutionNode = FALSE
	EndGlobalSection
	GlobalSection(ExtensibilityGlobals) = postSolution
		SolutionGuid = {EA15CCDC-D4D5-4132-A743-4292CC2DB392}
	EndGlobalSection
EndGlobal
